// !$*UTF8*$!
{
	archiveVersion = 1;
	classes = {
	};
	objectVersion = 46;
	objects = {

/* Begin PBXBuildFile section */
		62A250E91D758F5F0096CBD8 /* main.m in Sources */ = {isa = PBXBuildFile; fileRef = 62A250E81D758F5F0096CBD8 /* main.m */; };
		62A250EC1D758F5F0096CBD8 /* AppDelegate.m in Sources */ = {isa = PBXBuildFile; fileRef = 62A250EB1D758F5F0096CBD8 /* AppDelegate.m */; };
		62A250EF1D758F5F0096CBD8 /* ViewController.m in Sources */ = {isa = PBXBuildFile; fileRef = 62A250EE1D758F5F0096CBD8 /* ViewController.m */; };
		62A250F21D758F5F0096CBD8 /* Main.storyboard in Resources */ = {isa = PBXBuildFile; fileRef = 62A250F01D758F5F0096CBD8 /* Main.storyboard */; };
		62A250F41D758F5F0096CBD8 /* Assets.xcassets in Resources */ = {isa = PBXBuildFile; fileRef = 62A250F31D758F5F0096CBD8 /* Assets.xcassets */; };
		62A250F71D758F5F0096CBD8 /* LaunchScreen.storyboard in Resources */ = {isa = PBXBuildFile; fileRef = 62A250F51D758F5F0096CBD8 /* LaunchScreen.storyboard */; };
		62A251021D758F5F0096CBD8 /* photoViewTests.m in Sources */ = {isa = PBXBuildFile; fileRef = 62A251011D758F5F0096CBD8 /* photoViewTests.m */; };
		62A2510D1D758F5F0096CBD8 /* photoViewUITests.m in Sources */ = {isa = PBXBuildFile; fileRef = 62A2510C1D758F5F0096CBD8 /* photoViewUITests.m */; };
/* End PBXBuildFile section */

/* Begin PBXContainerItemProxy section */
		62A250FE1D758F5F0096CBD8 /* PBXContainerItemProxy */ = {
			isa = PBXContainerItemProxy;
			containerPortal = 62A250DC1D758F5E0096CBD8 /* Project object */;
			proxyType = 1;
			remoteGlobalIDString = 62A250E31D758F5F0096CBD8;
			remoteInfo = photoView;
		};
		62A251091D758F5F0096CBD8 /* PBXContainerItemProxy */ = {
			isa = PBXContainerItemProxy;
			containerPortal = 62A250DC1D758F5E0096CBD8 /* Project object */;
			proxyType = 1;
			remoteGlobalIDString = 62A250E31D758F5F0096CBD8;
			remoteInfo = photoView;
		};
/* End PBXContainerItemProxy section */

/* Begin PBXFileReference section */
		62A250E41D758F5F0096CBD8 /* photoView.app */ = {isa = PBXFileReference; explicitFileType = wrapper.application; includeInIndex = 0; path = photoView.app; sourceTree = BUILT_PRODUCTS_DIR; };
		62A250E81D758F5F0096CBD8 /* main.m */ = {isa = PBXFileReference; lastKnownFileType = sourcecode.c.objc; path = main.m; sourceTree = "<group>"; };
		62A250EA1D758F5F0096CBD8 /* AppDelegate.h */ = {isa = PBXFileReference; lastKnownFileType = sourcecode.c.h; path = AppDelegate.h; sourceTree = "<group>"; };
		62A250EB1D758F5F0096CBD8 /* AppDelegate.m */ = {isa = PBXFileReference; lastKnownFileType = sourcecode.c.objc; path = AppDelegate.m; sourceTree = "<group>"; };
		62A250ED1D758F5F0096CBD8 /* ViewController.h */ = {isa = PBXFileReference; lastKnownFileType = sourcecode.c.h; path = ViewController.h; sourceTree = "<group>"; };
		62A250EE1D758F5F0096CBD8 /* ViewController.m */ = {isa = PBXFileReference; lastKnownFileType = sourcecode.c.objc; path = ViewController.m; sourceTree = "<group>"; };
		62A250F11D758F5F0096CBD8 /* Base */ = {isa = PBXFileReference; lastKnownFileType = file.storyboard; name = Base; path = Base.lproj/Main.storyboard; sourceTree = "<group>"; };
		62A250F31D758F5F0096CBD8 /* Assets.xcassets */ = {isa = PBXFileReference; lastKnownFileType = folder.assetcatalog; path = Assets.xcassets; sourceTree = "<group>"; };
		62A250F61D758F5F0096CBD8 /* Base */ = {isa = PBXFileReference; lastKnownFileType = file.storyboard; name = Base; path = Base.lproj/LaunchScreen.storyboard; sourceTree = "<group>"; };
		62A250F81D758F5F0096CBD8 /* Info.plist */ = {isa = PBXFileReference; lastKnownFileType = text.plist.xml; path = Info.plist; sourceTree = "<group>"; };
		62A250FD1D758F5F0096CBD8 /* photoViewTests.xctest */ = {isa = PBXFileReference; explicitFileType = wrapper.cfbundle; includeInIndex = 0; path = photoViewTests.xctest; sourceTree = BUILT_PRODUCTS_DIR; };
		62A251011D758F5F0096CBD8 /* photoViewTests.m */ = {isa = PBXFileReference; lastKnownFileType = sourcecode.c.objc; path = photoViewTests.m; sourceTree = "<group>"; };
		62A251031D758F5F0096CBD8 /* Info.plist */ = {isa = PBXFileReference; lastKnownFileType = text.plist.xml; path = Info.plist; sourceTree = "<group>"; };
		62A251081D758F5F0096CBD8 /* photoViewUITests.xctest */ = {isa = PBXFileReference; explicitFileType = wrapper.cfbundle; includeInIndex = 0; path = photoViewUITests.xctest; sourceTree = BUILT_PRODUCTS_DIR; };
		62A2510C1D758F5F0096CBD8 /* photoViewUITests.m */ = {isa = PBXFileReference; lastKnownFileType = sourcecode.c.objc; path = photoViewUITests.m; sourceTree = "<group>"; };
		62A2510E1D758F5F0096CBD8 /* Info.plist */ = {isa = PBXFileReference; lastKnownFileType = text.plist.xml; path = Info.plist; sourceTree = "<group>"; };
/* End PBXFileReference section */

/* Begin PBXFrameworksBuildPhase section */
		62A250E11D758F5F0096CBD8 /* Frameworks */ = {
			isa = PBXFrameworksBuildPhase;
			buildActionMask = 2147483647;
			files = (
			);
			runOnlyForDeploymentPostprocessing = 0;
		};
		62A250FA1D758F5F0096CBD8 /* Frameworks */ = {
			isa = PBXFrameworksBuildPhase;
			buildActionMask = 2147483647;
			files = (
			);
			runOnlyForDeploymentPostprocessing = 0;
		};
		62A251051D758F5F0096CBD8 /* Frameworks */ = {
			isa = PBXFrameworksBuildPhase;
			buildActionMask = 2147483647;
			files = (
			);
			runOnlyForDeploymentPostprocessing = 0;
		};
/* End PBXFrameworksBuildPhase section */

/* Begin PBXGroup section */
		62A250DB1D758F5E0096CBD8 = {
			isa = PBXGroup;
			children = (
				62A250E61D758F5F0096CBD8 /* photoView */,
				62A251001D758F5F0096CBD8 /* photoViewTests */,
				62A2510B1D758F5F0096CBD8 /* photoViewUITests */,
				62A250E51D758F5F0096CBD8 /* Products */,
			);
			sourceTree = "<group>";
		};
		62A250E51D758F5F0096CBD8 /* Products */ = {
			isa = PBXGroup;
			children = (
				62A250E41D758F5F0096CBD8 /* photoView.app */,
				62A250FD1D758F5F0096CBD8 /* photoViewTests.xctest */,
				62A251081D758F5F0096CBD8 /* photoViewUITests.xctest */,
			);
			name = Products;
			sourceTree = "<group>";
		};
		62A250E61D758F5F0096CBD8 /* photoView */ = {
			isa = PBXGroup;
			children = (
				62A250EA1D758F5F0096CBD8 /* AppDelegate.h */,
				62A250EB1D758F5F0096CBD8 /* AppDelegate.m */,
				62A250ED1D758F5F0096CBD8 /* ViewController.h */,
				62A250EE1D758F5F0096CBD8 /* ViewController.m */,
				62A250F01D758F5F0096CBD8 /* Main.storyboard */,
				62A250F31D758F5F0096CBD8 /* Assets.xcassets */,
				62A250F51D758F5F0096CBD8 /* LaunchScreen.storyboard */,
				62A250F81D758F5F0096CBD8 /* Info.plist */,
				62A250E71D758F5F0096CBD8 /* Supporting Files */,
			);
			path = photoView;
			sourceTree = "<group>";
		};
		62A250E71D758F5F0096CBD8 /* Supporting Files */ = {
			isa = PBXGroup;
			children = (
				62A250E81D758F5F0096CBD8 /* main.m */,
			);
			name = "Supporting Files";
			sourceTree = "<group>";
		};
		62A251001D758F5F0096CBD8 /* photoViewTests */ = {
			isa = PBXGroup;
			children = (
				62A251011D758F5F0096CBD8 /* photoViewTests.m */,
				62A251031D758F5F0096CBD8 /* Info.plist */,
			);
			path = photoViewTests;
			sourceTree = "<group>";
		};
		62A2510B1D758F5F0096CBD8 /* photoViewUITests */ = {
			isa = PBXGroup;
			children = (
				62A2510C1D758F5F0096CBD8 /* photoViewUITests.m */,
				62A2510E1D758F5F0096CBD8 /* Info.plist */,
			);
			path = photoViewUITests;
			sourceTree = "<group>";
		};
/* End PBXGroup section */

/* Begin PBXNativeTarget section */
		62A250E31D758F5F0096CBD8 /* photoView */ = {
			isa = PBXNativeTarget;
			buildConfigurationList = 62A251111D758F5F0096CBD8 /* Build configuration list for PBXNativeTarget "photoView" */;
			buildPhases = (
				62A250E01D758F5F0096CBD8 /* Sources */,
				62A250E11D758F5F0096CBD8 /* Frameworks */,
				62A250E21D758F5F0096CBD8 /* Resources */,
			);
			buildRules = (
			);
			dependencies = (
			);
			name = photoView;
			productName = photoView;
			productReference = 62A250E41D758F5F0096CBD8 /* photoView.app */;
			productType = "com.apple.product-type.application";
		};
		62A250FC1D758F5F0096CBD8 /* photoViewTests */ = {
			isa = PBXNativeTarget;
			buildConfigurationList = 62A251141D758F5F0096CBD8 /* Build configuration list for PBXNativeTarget "photoViewTests" */;
			buildPhases = (
				62A250F91D758F5F0096CBD8 /* Sources */,
				62A250FA1D758F5F0096CBD8 /* Frameworks */,
				62A250FB1D758F5F0096CBD8 /* Resources */,
			);
			buildRules = (
			);
			dependencies = (
				62A250FF1D758F5F0096CBD8 /* PBXTargetDependency */,
			);
			name = photoViewTests;
			productName = photoViewTests;
			productReference = 62A250FD1D758F5F0096CBD8 /* photoViewTests.xctest */;
			productType = "com.apple.product-type.bundle.unit-test";
		};
		62A251071D758F5F0096CBD8 /* photoViewUITests */ = {
			isa = PBXNativeTarget;
			buildConfigurationList = 62A251171D758F5F0096CBD8 /* Build configuration list for PBXNativeTarget "photoViewUITests" */;
			buildPhases = (
				62A251041D758F5F0096CBD8 /* Sources */,
				62A251051D758F5F0096CBD8 /* Frameworks */,
				62A251061D758F5F0096CBD8 /* Resources */,
			);
			buildRules = (
			);
			dependencies = (
				62A2510A1D758F5F0096CBD8 /* PBXTargetDependency */,
			);
			name = photoViewUITests;
			productName = photoViewUITests;
			productReference = 62A251081D758F5F0096CBD8 /* photoViewUITests.xctest */;
			productType = "com.apple.product-type.bundle.ui-testing";
		};
/* End PBXNativeTarget section */

/* Begin PBXProject section */
		62A250DC1D758F5E0096CBD8 /* Project object */ = {
			isa = PBXProject;
			attributes = {
				LastUpgradeCheck = 0730;
				ORGANIZATIONNAME = ruanstao;
				TargetAttributes = {
					62A250E31D758F5F0096CBD8 = {
						CreatedOnToolsVersion = 7.3.1;
					};
					62A250FC1D758F5F0096CBD8 = {
						CreatedOnToolsVersion = 7.3.1;
						TestTargetID = 62A250E31D758F5F0096CBD8;
					};
					62A251071D758F5F0096CBD8 = {
						CreatedOnToolsVersion = 7.3.1;
						TestTargetID = 62A250E31D758F5F0096CBD8;
					};
				};
			};
			buildConfigurationList = 62A250DF1D758F5E0096CBD8 /* Build configuration list for PBXProject "photoView" */;
			compatibilityVersion = "Xcode 3.2";
			developmentRegion = English;
			hasScannedForEncodings = 0;
			knownRegions = (
				en,
				Base,
			);
			mainGroup = 62A250DB1D758F5E0096CBD8;
			productRefGroup = 62A250E51D758F5F0096CBD8 /* Products */;
			projectDirPath = "";
			projectRoot = "";
			targets = (
				62A250E31D758F5F0096CBD8 /* photoView */,
				62A250FC1D758F5F0096CBD8 /* photoViewTests */,
				62A251071D758F5F0096CBD8 /* photoViewUITests */,
			);
		};
/* End PBXProject section */

/* Begin PBXResourcesBuildPhase section */
		62A250E21D758F5F0096CBD8 /* Resources */ = {
			isa = PBXResourcesBuildPhase;
			buildActionMask = 2147483647;
			files = (
				62A250F71D758F5F0096CBD8 /* LaunchScreen.storyboard in Resources */,
				62A250F41D758F5F0096CBD8 /* Assets.xcassets in Resources */,
				62A250F21D758F5F0096CBD8 /* Main.storyboard in Resources */,
			);
			runOnlyForDeploymentPostprocessing = 0;
		};
		62A250FB1D758F5F0096CBD8 /* Resources */ = {
			isa = PBXResourcesBuildPhase;
			buildActionMask = 2147483647;
			files = (
			);
			runOnlyForDeploymentPostprocessing = 0;
		};
		62A251061D758F5F0096CBD8 /* Resources */ = {
			isa = PBXResourcesBuildPhase;
			buildActionMask = 2147483647;
			files = (
			);
			runOnlyForDeploymentPostprocessing = 0;
		};
/* End PBXResourcesBuildPhase section */

/* Begin PBXSourcesBuildPhase section */
		62A250E01D758F5F0096CBD8 /* Sources */ = {
			isa = PBXSourcesBuildPhase;
			buildActionMask = 2147483647;
			files = (
				62A250EF1D758F5F0096CBD8 /* ViewController.m in Sources */,
				62A250EC1D758F5F0096CBD8 /* AppDelegate.m in Sources */,
				62A250E91D758F5F0096CBD8 /* main.m in Sources */,
			);
			runOnlyForDeploymentPostprocessing = 0;
		};
		62A250F91D758F5F0096CBD8 /* Sources */ = {
			isa = PBXSourcesBuildPhase;
			buildActionMask = 2147483647;
			files = (
				62A251021D758F5F0096CBD8 /* photoViewTests.m in Sources */,
			);
			runOnlyForDeploymentPostprocessing = 0;
		};
		62A251041D758F5F0096CBD8 /* Sources */ = {
			isa = PBXSourcesBuildPhase;
			buildActionMask = 2147483647;
			files = (
				62A2510D1D758F5F0096CBD8 /* photoViewUITests.m in Sources */,
			);
			runOnlyForDeploymentPostprocessing = 0;
		};
/* End PBXSourcesBuildPhase section */

/* Begin PBXTargetDependency section */
		62A250FF1D758F5F0096CBD8 /* PBXTargetDependency */ = {
			isa = PBXTargetDependency;
			target = 62A250E31D758F5F0096CBD8 /* photoView */;
			targetProxy = 62A250FE1D758F5F0096CBD8 /* PBXContainerItemProxy */;
		};
		62A2510A1D758F5F0096CBD8 /* PBXTargetDependency */ = {
			isa = PBXTargetDependency;
			target = 62A250E31D758F5F0096CBD8 /* photoView */;
			targetProxy = 62A251091D758F5F0096CBD8 /* PBXContainerItemProxy */;
		};
/* End PBXTargetDependency section */

/* Begin PBXVariantGroup section */
		62A250F01D758F5F0096CBD8 /* Main.storyboard */ = {
			isa = PBXVariantGroup;
			children = (
				62A250F11D758F5F0096CBD8 /* Base */,
			);
			name = Main.storyboard;
			sourceTree = "<group>";
		};
		62A250F51D758F5F0096CBD8 /* LaunchScreen.storyboard */ = {
			isa = PBXVariantGroup;
			children = (
				62A250F61D758F5F0096CBD8 /* Base */,
			);
			name = LaunchScreen.storyboard;
			sourceTree = "<group>";
		};
/* End PBXVariantGroup section */

/* Begin XCBuildConfiguration section */
		62A2510F1D758F5F0096CBD8 /* Debug */ = {
			isa = XCBuildConfiguration;
			buildSettings = {
				ALWAYS_SEARCH_USER_PATHS = NO;
				CLANG_ANALYZER_NONNULL = YES;
				CLANG_CXX_LANGUAGE_STANDARD = "gnu++0x";
				CLANG_CXX_LIBRARY = "libc++";
				CLANG_ENABLE_MODULES = YES;
				CLANG_ENABLE_OBJC_ARC = YES;
				CLANG_WARN_BOOL_CONVERSION = YES;
				CLANG_WARN_CONSTANT_CONVERSION = YES;
				CLANG_WARN_DIRECT_OBJC_ISA_USAGE = YES_ERROR;
				CLANG_WARN_EMPTY_BODY = YES;
				CLANG_WARN_ENUM_CONVERSION = YES;
				CLANG_WARN_INT_CONVERSION = YES;
				CLANG_WARN_OBJC_ROOT_CLASS = YES_ERROR;
				CLANG_WARN_UNREACHABLE_CODE = YES;
				CLANG_WARN__DUPLICATE_METHOD_MATCH = YES;
				"CODE_SIGN_IDENTITY[sdk=iphoneos*]" = "iPhone Developer";
				COPY_PHASE_STRIP = NO;
				DEBUG_INFORMATION_FORMAT = dwarf;
				ENABLE_STRICT_OBJC_MSGSEND = YES;
				ENABLE_TESTABILITY = YES;
				GCC_C_LANGUAGE_STANDARD = gnu99;
				GCC_DYNAMIC_NO_PIC = NO;
				GCC_NO_COMMON_BLOCKS = YES;
				GCC_OPTIMIZATION_LEVEL = 0;
				GCC_PREPROCESSOR_DEFINITIONS = (
					"DEBUG=1",
					"$(inherited)",
				);
				GCC_WARN_64_TO_32_BIT_CONVERSION = YES;
				GCC_WARN_ABOUT_RETURN_TYPE = YES_ERROR;
				GCC_WARN_UNDECLARED_SELECTOR = YES;
				GCC_WARN_UNINITIALIZED_AUTOS = YES_AGGRESSIVE;
				GCC_WARN_UNUSED_FUNCTION = YES;
				GCC_WARN_UNUSED_VARIABLE = YES;
				IPHONEOS_DEPLOYMENT_TARGET = 9.3;
				MTL_ENABLE_DEBUG_INFO = YES;
				ONLY_ACTIVE_ARCH = YES;
				SDKROOT = iphoneos;
				TARGETED_DEVICE_FAMILY = "1,2";
			};
			name = Debug;
		};
		62A251101D758F5F0096CBD8 /* Release */ = {
			isa = XCBuildConfiguration;
			buildSettings = {
				ALWAYS_SEARCH_USER_PATHS = NO;
				CLANG_ANALYZER_NONNULL = YES;
				CLANG_CXX_LANGUAGE_STANDARD = "gnu++0x";
				CLANG_CXX_LIBRARY = "libc++";
				CLANG_ENABLE_MODULES = YES;
				CLANG_ENABLE_OBJC_ARC = YES;
				CLANG_WARN_BOOL_CONVERSION = YES;
				CLANG_WARN_CONSTANT_CONVERSION = YES;
				CLANG_WARN_DIRECT_OBJC_ISA_USAGE = YES_ERROR;
				CLANG_WARN_EMPTY_BODY = YES;
				CLANG_WARN_ENUM_CONVERSION = YES;
				CLANG_WARN_INT_CONVERSION = YES;
				CLANG_WARN_OBJC_ROOT_CLASS = YES_ERROR;
				CLANG_WARN_UNREACHABLE_CODE = YES;
				CLANG_WARN__DUPLICATE_METHOD_MATCH = YES;
				"CODE_SIGN_IDENTITY[sdk=iphoneos*]" = "iPhone Developer";
				COPY_PHASE_STRIP = NO;
				DEBUG_INFORMATION_FORMAT = "dwarf-with-dsym";
				ENABLE_NS_ASSERTIONS = NO;
				ENABLE_STRICT_OBJC_MSGSEND = YES;
				GCC_C_LANGUAGE_STANDARD = gnu99;
				GCC_NO_COMMON_BLOCKS = YES;
				GCC_WARN_64_TO_32_BIT_CONVERSION = YES;
				GCC_WARN_ABOUT_RETURN_TYPE = YES_ERROR;
				GCC_WARN_UNDECLARED_SELECTOR = YES;
				GCC_WARN_UNINITIALIZED_AUTOS = YES_AGGRESSIVE;
				GCC_WARN_UNUSED_FUNCTION = YES;
				GCC_WARN_UNUSED_VARIABLE = YES;
				IPHONEOS_DEPLOYMENT_TARGET = 9.3;
				MTL_ENABLE_DEBUG_INFO = NO;
				SDKROOT = iphoneos;
				TARGETED_DEVICE_FAMILY = "1,2";
				VALIDATE_PRODUCT = YES;
			};
			name = Release;
		};
		62A251121D758F5F0096CBD8 /* Debug */ = {
			isa = XCBuildConfiguration;
			buildSettings = {
				ASSETCATALOG_COMPILER_APPICON_NAME = AppIcon;
				INFOPLIST_FILE = photoView/Info.plist;
				LD_RUNPATH_SEARCH_PATHS = "$(inherited) @executable_path/Frameworks";
				PRODUCT_BUNDLE_IDENTIFIER = rt.photoView;
				PRODUCT_NAME = "$(TARGET_NAME)";
			};
			name = Debug;
		};
		62A251131D758F5F0096CBD8 /* Release */ = {
			isa = XCBuildConfiguration;
			buildSettings = {
				ASSETCATALOG_COMPILER_APPICON_NAME = AppIcon;
				INFOPLIST_FILE = photoView/Info.plist;
				LD_RUNPATH_SEARCH_PATHS = "$(inherited) @executable_path/Frameworks";
				PRODUCT_BUNDLE_IDENTIFIER = rt.photoView;
				PRODUCT_NAME = "$(TARGET_NAME)";
			};
			name = Release;
		};
		62A251151D758F5F0096CBD8 /* Debug */ = {
			isa = XCBuildConfiguration;
			buildSettings = {
				BUNDLE_LOADER = "$(TEST_HOST)";
				INFOPLIST_FILE = photoViewTests/Info.plist;
				LD_RUNPATH_SEARCH_PATHS = "$(inherited) @executable_path/Frameworks @loader_path/Frameworks";
				PRODUCT_BUNDLE_IDENTIFIER = rt.photoViewTests;
				PRODUCT_NAME = "$(TARGET_NAME)";
				TEST_HOST = "$(BUILT_PRODUCTS_DIR)/photoView.app/photoView";
			};
			name = Debug;
		};
		62A251161D758F5F0096CBD8 /* Release */ = {
			isa = XCBuildConfiguration;
			buildSettings = {
				BUNDLE_LOADER = "$(TEST_HOST)";
				INFOPLIST_FILE = photoViewTests/Info.plist;
				LD_RUNPATH_SEARCH_PATHS = "$(inherited) @executable_path/Frameworks @loader_path/Frameworks";
				PRODUCT_BUNDLE_IDENTIFIER = rt.photoViewTests;
				PRODUCT_NAME = "$(TARGET_NAME)";
				TEST_HOST = "$(BUILT_PRODUCTS_DIR)/photoView.app/photoView";
			};
			name = Release;
		};
		62A251181D758F5F0096CBD8 /* Debug */ = {
			isa = XCBuildConfiguration;
			buildSettings = {
				INFOPLIST_FILE = photoViewUITests/Info.plist;
				LD_RUNPATH_SEARCH_PATHS = "$(inherited) @executable_path/Frameworks @loader_path/Frameworks";
				PRODUCT_BUNDLE_IDENTIFIER = rt.photoViewUITests;
				PRODUCT_NAME = "$(TARGET_NAME)";
				TEST_TARGET_NAME = photoView;
			};
			name = Debug;
		};
		62A251191D758F5F0096CBD8 /* Release */ = {
			isa = XCBuildConfiguration;
			buildSettings = {
				INFOPLIST_FILE = photoViewUITests/Info.plist;
				LD_RUNPATH_SEARCH_PATHS = "$(inherited) @executable_path/Frameworks @loader_path/Frameworks";
				PRODUCT_BUNDLE_IDENTIFIER = rt.photoViewUITests;
				PRODUCT_NAME = "$(TARGET_NAME)";
				TEST_TARGET_NAME = photoView;
			};
			name = Release;
		};
/* End XCBuildConfiguration section */

/* Begin XCConfigurationList section */
		62A250DF1D758F5E0096CBD8 /* Build configuration list for PBXProject "photoView" */ = {
			isa = XCConfigurationList;
			buildConfigurations = (
				62A2510F1D758F5F0096CBD8 /* Debug */,
				62A251101D758F5F0096CBD8 /* Release */,
			);
			defaultConfigurationIsVisible = 0;
			defaultConfigurationName = Release;
		};
		62A251111D758F5F0096CBD8 /* Build configuration list for PBXNativeTarget "photoView" */ = {
			isa = XCConfigurationList;
			buildConfigurations = (
				62A251121D758F5F0096CBD8 /* Debug */,
				62A251131D758F5F0096CBD8 /* Release */,
			);
			defaultConfigurationIsVisible = 0;
		};
		62A251141D758F5F0096CBD8 /* Build configuration list for PBXNativeTarget "photoViewTests" */ = {
			isa = XCConfigurationList;
			buildConfigurations = (
				62A251151D758F5F0096CBD8 /* Debug */,
				62A251161D758F5F0096CBD8 /* Release */,
			);
			defaultConfigurationIsVisible = 0;
		};
		62A251171D758F5F0096CBD8 /* Build configuration list for PBXNativeTarget "photoViewUITests" */ = {
			isa = XCConfigurationList;
			buildConfigurations = (
				62A251181D758F5F0096CBD8 /* Debug */,
				62A251191D758F5F0096CBD8 /* Release */,
			);
			defaultConfigurationIsVisible = 0;
		};
/* End XCConfigurationList section */
	};
	rootObject = 62A250DC1D758F5E0096CBD8 /* Project object */;
}
